
Microsoft Visual Studio Solution File, Format Version 12.00
# Visual Studio 14
VisualStudioVersion = 14.0.25123.0
MinimumVisualStudioVersion = 10.0.40219.1
Project("{8906EB7F-565D-4685-B815-7C5BDDED998F}") = "Sitecore.Support.215465", "Sitecore.Support.215465\Sitecore.Support.215465.csproj", "{43637DB6-6808-4CF1-9E53-5BAF36DC7AA4}"
EndProject
Global
	GlobalSection(SolutionConfigurationPlatforms) = preSolution
		Debug|Any CPU = Debug|Any CPU
		Release|Any CPU = Release|Any CPU
	EndGlobalSection
	GlobalSection(ProjectConfigurationPlatforms) = postSolution
		{43637DB6-6808-4CF1-9E53-5BAF36DC7AA4}.Debug|Any CPU.ActiveCfg = Debug|Any CPU
		{43637DB6-6808-4CF1-9E53-5BAF36DC7AA4}.Debug|Any CPU.Build.0 = Debug|Any CPU
		{43637DB6-6808-4CF1-9E53-5BAF36DC7AA4}.Release|Any CPU.ActiveCfg = Release|Any CPU
		{43637DB6-6808-4CF1-9E53-5BAF36DC7AA4}.Release|Any CPU.Build.0 = Release|Any CPU
	EndGlobalSection
	GlobalSection(SolutionProperties) = preSolution
		HideSolutionNode = FALSE
	EndGlobalSection
EndGlobal
